<?xml version="1.0" encoding="utf-8"?>
<Project ToolsVersion="4.0" xmlns="http://schemas.microsoft.com/developer/msbuild/2003">
  <ItemGroup>
    <Filter Include="Source files">
      <UniqueIdentifier>{62c78eb1-6365-4d4e-b11a-1b391116ae4a}</UniqueIdentifier>
      <Extensions>cpp;c;cc;cxx;def;odl;idl;hpj;bat;asm;asmx</Extensions>
    </Filter>
    <Filter Include="Header files">
      <UniqueIdentifier>{a41db8ab-0a49-4e3f-86d2-02f20ea854ec}</UniqueIdentifier>
      <Extensions>h;hpp;hxx;hm;inl;inc;xsd</Extensions>
    </Filter>
    <Filter Include="Resource files">
      <UniqueIdentifier>{85e25974-1c5c-4676-82c5-4d0a14090360}</UniqueIdentifier>
      <Extensions>rc;ico;cur;bmp;dlg;rc2;rct;bin;rgs;gif;jpg;jpeg;jpe;resx;tiff;tif;png;wav</Extensions>
    </Filter>
    <Filter Include="QMake Project files">
      <UniqueIdentifier>{e499e4b5-f1b0-48b0-b53c-717c3bf05705}</UniqueIdentifier>
      <Extensions>pro</Extensions>
    </Filter>
    <Filter Include="VisualGDB settings">
      <UniqueIdentifier>{9c95270e-6ff8-4efa-bd64-37ea92ad15d9}</UniqueIdentifier>
      <Extensions>*.vgdbsettings</Extensions>
    </Filter>
  </ItemGroup>
  <ItemGroup>
    <ClCompile Include="RcCar.cpp">
      <Filter>Source files</Filter>
    </ClCompile>
    <ClCompile Include="VideoServer.cpp">
      <Filter>Source files</Filter>
    </ClCompile>
    <ClCompile Include="ServerThread.cpp">
      <Filter>Source files</Filter>
    </ClCompile>
  </ItemGroup>
  <ItemGroup>
    <None Include="RcCar.pro" />
    <None Include="debug.pro">
      <Filter>QMake Project files</Filter>
    </None>
    <None Include="RcCar-Debug.vgdbsettings">
      <Filter>VisualGDB settings</Filter>
    </None>
    <None Include="release.pro">
      <Filter>QMake Project files</Filter>
    </None>
    <None Include="RcCar-Release.vgdbsettings">
      <Filter>VisualGDB settings</Filter>
    </None>
  </ItemGroup>
  <ItemGroup>
    <ClInclude Include="VideoServer.h">
      <Filter>Header files</Filter>
    </ClInclude>
    <ClInclude Include="ServerThread.h">
      <Filter>Header files</Filter>
    </ClInclude>
  </ItemGroup>
</Project>